// !$*UTF8*$!
{
	archiveVersion = 1;
	classes = {
	};
	objectVersion = 56;
	objects = {

/* Begin PBXBuildFile section */
		693CC71E29FE6D8500B87DB7 /* landmarkData.json in Resources */ = {isa = PBXBuildFile; fileRef = 693CC71D29FE6D8400B87DB7 /* landmarkData.json */; };
		693CC72029FE6E1300B87DB7 /* Landmark.swift in Sources */ = {isa = PBXBuildFile; fileRef = 693CC71F29FE6E1300B87DB7 /* Landmark.swift */; };
		693CC72229FE706C00B87DB7 /* DataModel.swift in Sources */ = {isa = PBXBuildFile; fileRef = 693CC72129FE706C00B87DB7 /* DataModel.swift */; };
		693CC72729FFAC4700B87DB7 /* LandmarkRow.swift in Sources */ = {isa = PBXBuildFile; fileRef = 693CC72629FFAC4700B87DB7 /* LandmarkRow.swift */; };
		693CC72929FFAE2D00B87DB7 /* LandmarkList.swift in Sources */ = {isa = PBXBuildFile; fileRef = 693CC72829FFAE2D00B87DB7 /* LandmarkList.swift */; };
		693CC72B29FFAFF000B87DB7 /* LandmarkDetail.swift in Sources */ = {isa = PBXBuildFile; fileRef = 693CC72A29FFAFF000B87DB7 /* LandmarkDetail.swift */; };
		69521F1029F84C1E006EE7F1 /* LandmarksApp.swift in Sources */ = {isa = PBXBuildFile; fileRef = 69521F0F29F84C1E006EE7F1 /* LandmarksApp.swift */; };
		69521F1229F84C1E006EE7F1 /* ContentView.swift in Sources */ = {isa = PBXBuildFile; fileRef = 69521F1129F84C1E006EE7F1 /* ContentView.swift */; };
		69521F1429F84C20006EE7F1 /* Assets.xcassets in Resources */ = {isa = PBXBuildFile; fileRef = 69521F1329F84C20006EE7F1 /* Assets.xcassets */; };
		69521F1729F84C20006EE7F1 /* Preview Assets.xcassets in Resources */ = {isa = PBXBuildFile; fileRef = 69521F1629F84C20006EE7F1 /* Preview Assets.xcassets */; };
		69521F2029F861BC006EE7F1 /* circleImage.swift in Sources */ = {isa = PBXBuildFile; fileRef = 69521F1F29F861BC006EE7F1 /* circleImage.swift */; };
		69521F2229F8634F006EE7F1 /* MapView.swift in Sources */ = {isa = PBXBuildFile; fileRef = 69521F2129F8634F006EE7F1 /* MapView.swift */; };
/* End PBXBuildFile section */

/* Begin PBXFileReference section */
		693CC71D29FE6D8400B87DB7 /* landmarkData.json */ = {isa = PBXFileReference; fileEncoding = 4; lastKnownFileType = text.json; path = landmarkData.json; sourceTree = "<group>"; };
		693CC71F29FE6E1300B87DB7 /* Landmark.swift */ = {isa = PBXFileReference; lastKnownFileType = sourcecode.swift; path = Landmark.swift; sourceTree = "<group>"; };
		693CC72129FE706C00B87DB7 /* DataModel.swift */ = {isa = PBXFileReference; lastKnownFileType = sourcecode.swift; path = DataModel.swift; sourceTree = "<group>"; };
		693CC72629FFAC4700B87DB7 /* LandmarkRow.swift */ = {isa = PBXFileReference; lastKnownFileType = sourcecode.swift; path = LandmarkRow.swift; sourceTree = "<group>"; };
		693CC72829FFAE2D00B87DB7 /* LandmarkList.swift */ = {isa = PBXFileReference; lastKnownFileType = sourcecode.swift; name = LandmarkList.swift; path = Landmarks/LandmarkList.swift; sourceTree = SOURCE_ROOT; };
		693CC72A29FFAFF000B87DB7 /* LandmarkDetail.swift */ = {isa = PBXFileReference; lastKnownFileType = sourcecode.swift; path = LandmarkDetail.swift; sourceTree = "<group>"; };
		69521F0C29F84C1E006EE7F1 /* Landmarks.app */ = {isa = PBXFileReference; explicitFileType = wrapper.application; includeInIndex = 0; path = Landmarks.app; sourceTree = BUILT_PRODUCTS_DIR; };
		69521F0F29F84C1E006EE7F1 /* LandmarksApp.swift */ = {isa = PBXFileReference; lastKnownFileType = sourcecode.swift; path = LandmarksApp.swift; sourceTree = "<group>"; };
		69521F1129F84C1E006EE7F1 /* ContentView.swift */ = {isa = PBXFileReference; lastKnownFileType = sourcecode.swift; path = ContentView.swift; sourceTree = "<group>"; };
		69521F1329F84C20006EE7F1 /* Assets.xcassets */ = {isa = PBXFileReference; lastKnownFileType = folder.assetcatalog; path = Assets.xcassets; sourceTree = "<group>"; };
		69521F1629F84C20006EE7F1 /* Preview Assets.xcassets */ = {isa = PBXFileReference; lastKnownFileType = folder.assetcatalog; path = "Preview Assets.xcassets"; sourceTree = "<group>"; };
		69521F1F29F861BC006EE7F1 /* circleImage.swift */ = {isa = PBXFileReference; lastKnownFileType = sourcecode.swift; path = circleImage.swift; sourceTree = "<group>"; };
		69521F2129F8634F006EE7F1 /* MapView.swift */ = {isa = PBXFileReference; lastKnownFileType = sourcecode.swift; path = MapView.swift; sourceTree = "<group>"; };
/* End PBXFileReference section */

/* Begin PBXFrameworksBuildPhase section */
		69521F0929F84C1E006EE7F1 /* Frameworks */ = {
			isa = PBXFrameworksBuildPhase;
			buildActionMask = 2147483647;
			files = (
			);
			runOnlyForDeploymentPostprocessing = 0;
		};
/* End PBXFrameworksBuildPhase section */

/* Begin PBXGroup section */
		693CC72329FE728600B87DB7 /* Views */ = {
			isa = PBXGroup;
			children = (
				693CC72829FFAE2D00B87DB7 /* LandmarkList.swift */,
				69521F1F29F861BC006EE7F1 /* circleImage.swift */,
				69521F2129F8634F006EE7F1 /* MapView.swift */,
				69521F1129F84C1E006EE7F1 /* ContentView.swift */,
			);
			path = Views;
			sourceTree = "<group>";
		};
		693CC72429FE72A700B87DB7 /* Resources */ = {
			isa = PBXGroup;
			children = (
				693CC71D29FE6D8400B87DB7 /* landmarkData.json */,
			);
			path = Resources;
			sourceTree = "<group>";
		};
		693CC72529FE72D900B87DB7 /* Model */ = {
			isa = PBXGroup;
			children = (
				693CC71F29FE6E1300B87DB7 /* Landmark.swift */,
				693CC72129FE706C00B87DB7 /* DataModel.swift */,
			);
			path = Model;
			sourceTree = "<group>";
		};
		69521F0329F84C1E006EE7F1 = {
			isa = PBXGroup;
			children = (
				69521F0E29F84C1E006EE7F1 /* Landmarks */,
				69521F0D29F84C1E006EE7F1 /* Products */,
			);
			sourceTree = "<group>";
		};
		69521F0D29F84C1E006EE7F1 /* Products */ = {
			isa = PBXGroup;
			children = (
				69521F0C29F84C1E006EE7F1 /* Landmarks.app */,
			);
			name = Products;
			sourceTree = "<group>";
		};
		69521F0E29F84C1E006EE7F1 /* Landmarks */ = {
			isa = PBXGroup;
			children = (
				693CC72629FFAC4700B87DB7 /* LandmarkRow.swift */,
				693CC72A29FFAFF000B87DB7 /* LandmarkDetail.swift */,
				69521F0F29F84C1E006EE7F1 /* LandmarksApp.swift */,
				693CC72529FE72D900B87DB7 /* Model */,
				693CC72429FE72A700B87DB7 /* Resources */,
				693CC72329FE728600B87DB7 /* Views */,
				69521F1329F84C20006EE7F1 /* Assets.xcassets */,
				69521F1529F84C20006EE7F1 /* Preview Content */,
			);
			path = Landmarks;
			sourceTree = "<group>";
		};
		69521F1529F84C20006EE7F1 /* Preview Content */ = {
			isa = PBXGroup;
			children = (
				69521F1629F84C20006EE7F1 /* Preview Assets.xcassets */,
			);
			path = "Preview Content";
			sourceTree = "<group>";
		};
/* End PBXGroup section */

/* Begin PBXNativeTarget section */
		69521F0B29F84C1E006EE7F1 /* Landmarks */ = {
			isa = PBXNativeTarget;
			buildConfigurationList = 69521F1A29F84C20006EE7F1 /* Build configuration list for PBXNativeTarget "Landmarks" */;
			buildPhases = (
				69521F0829F84C1E006EE7F1 /* Sources */,
				69521F0929F84C1E006EE7F1 /* Frameworks */,
				69521F0A29F84C1E006EE7F1 /* Resources */,
			);
			buildRules = (
			);
			dependencies = (
			);
			name = Landmarks;
			productName = Landmarks;
			productReference = 69521F0C29F84C1E006EE7F1 /* Landmarks.app */;
			productType = "com.apple.product-type.application";
		};
/* End PBXNativeTarget section */

/* Begin PBXProject section */
		69521F0429F84C1E006EE7F1 /* Project object */ = {
			isa = PBXProject;
			attributes = {
				BuildIndependentTargetsInParallel = 1;
				LastSwiftUpdateCheck = 1430;
				LastUpgradeCheck = 1430;
				TargetAttributes = {
					69521F0B29F84C1E006EE7F1 = {
						CreatedOnToolsVersion = 14.3;
					};
				};
			};
			buildConfigurationList = 69521F0729F84C1E006EE7F1 /* Build configuration list for PBXProject "Landmarks" */;
			compatibilityVersion = "Xcode 14.0";
			developmentRegion = en;
			hasScannedForEncodings = 0;
			knownRegions = (
				en,
				Base,
			);
			mainGroup = 69521F0329F84C1E006EE7F1;
			productRefGroup = 69521F0D29F84C1E006EE7F1 /* Products */;
			projectDirPath = "";
			projectRoot = "";
			targets = (
				69521F0B29F84C1E006EE7F1 /* Landmarks */,
			);
		};
/* End PBXProject section */

/* Begin PBXResourcesBuildPhase section */
		69521F0A29F84C1E006EE7F1 /* Resources */ = {
			isa = PBXResourcesBuildPhase;
			buildActionMask = 2147483647;
			files = (
				69521F1729F84C20006EE7F1 /* Preview Assets.xcassets in Resources */,
				69521F1429F84C20006EE7F1 /* Assets.xcassets in Resources */,
				693CC71E29FE6D8500B87DB7 /* landmarkData.json in Resources */,
			);
			runOnlyForDeploymentPostprocessing = 0;
		};
/* End PBXResourcesBuildPhase section */

/* Begin PBXSourcesBuildPhase section */
		69521F0829F84C1E006EE7F1 /* Sources */ = {
			isa = PBXSourcesBuildPhase;
			buildActionMask = 2147483647;
			files = (
				69521F2029F861BC006EE7F1 /* circleImage.swift in Sources */,
				69521F2229F8634F006EE7F1 /* MapView.swift in Sources */,
				69521F1229F84C1E006EE7F1 /* ContentView.swift in Sources */,
				693CC72929FFAE2D00B87DB7 /* LandmarkList.swift in Sources */,
				693CC72B29FFAFF000B87DB7 /* LandmarkDetail.swift in Sources */,
				69521F1029F84C1E006EE7F1 /* LandmarksApp.swift in Sources */,
				693CC72029FE6E1300B87DB7 /* Landmark.swift in Sources */,
				693CC72729FFAC4700B87DB7 /* LandmarkRow.swift in Sources */,
				693CC72229FE706C00B87DB7 /* DataModel.swift in Sources */,
			);
			runOnlyForDeploymentPostprocessing = 0;
		};
/* End PBXSourcesBuildPhase section */

/* Begin XCBuildConfiguration section */
		69521F1829F84C20006EE7F1 /* Debug */ = {
			isa = XCBuildConfiguration;
			buildSettings = {
				ALWAYS_SEARCH_USER_PATHS = NO;
				CLANG_ANALYZER_NONNULL = YES;
				CLANG_ANALYZER_NUMBER_OBJECT_CONVERSION = YES_AGGRESSIVE;
				CLANG_CXX_LANGUAGE_STANDARD = "gnu++20";
				CLANG_ENABLE_MODULES = YES;
				CLANG_ENABLE_OBJC_ARC = YES;
				CLANG_ENABLE_OBJC_WEAK = YES;
				CLANG_WARN_BLOCK_CAPTURE_AUTORELEASING = YES;
				CLANG_WARN_BOOL_CONVERSION = YES;
				CLANG_WARN_COMMA = YES;
				CLANG_WARN_CONSTANT_CONVERSION = YES;
				CLANG_WARN_DEPRECATED_OBJC_IMPLEMENTATIONS = YES;
				CLANG_WARN_DIRECT_OBJC_ISA_USAGE = YES_ERROR;
				CLANG_WARN_DOCUMENTATION_COMMENTS = YES;
				CLANG_WARN_EMPTY_BODY = YES;
				CLANG_WARN_ENUM_CONVERSION = YES;
				CLANG_WARN_INFINITE_RECURSION = YES;
				CLANG_WARN_INT_CONVERSION = YES;
				CLANG_WARN_NON_LITERAL_NULL_CONVERSION = YES;
				CLANG_WARN_OBJC_IMPLICIT_RETAIN_SELF = YES;
				CLANG_WARN_OBJC_LITERAL_CONVERSION = YES;
				CLANG_WARN_OBJC_ROOT_CLASS = YES_ERROR;
				CLANG_WARN_QUOTED_INCLUDE_IN_FRAMEWORK_HEADER = YES;
				CLANG_WARN_RANGE_LOOP_ANALYSIS = YES;
				CLANG_WARN_STRICT_PROTOTYPES = YES;
				CLANG_WARN_SUSPICIOUS_MOVE = YES;
				CLANG_WARN_UNGUARDED_AVAILABILITY = YES_AGGRESSIVE;
				CLANG_WARN_UNREACHABLE_CODE = YES;
				CLANG_WARN__DUPLICATE_METHOD_MATCH = YES;
				COPY_PHASE_STRIP = NO;
				DEBUG_INFORMATION_FORMAT = dwarf;
				ENABLE_STRICT_OBJC_MSGSEND = YES;
				ENABLE_TESTABILITY = YES;
				GCC_C_LANGUAGE_STANDARD = gnu11;
				GCC_DYNAMIC_NO_PIC = NO;
				GCC_NO_COMMON_BLOCKS = YES;
				GCC_OPTIMIZATION_LEVEL = 0;
				GCC_PREPROCESSOR_DEFINITIONS = (
					"DEBUG=1",
					"$(inherited)",
				);
				GCC_WARN_64_TO_32_BIT_CONVERSION = YES;
				GCC_WARN_ABOUT_RETURN_TYPE = YES_ERROR;
				GCC_WARN_UNDECLARED_SELECTOR = YES;
				GCC_WARN_UNINITIALIZED_AUTOS = YES_AGGRESSIVE;
				GCC_WARN_UNUSED_FUNCTION = YES;
				GCC_WARN_UNUSED_VARIABLE = YES;
				IPHONEOS_DEPLOYMENT_TARGET = 16.4;
				MTL_ENABLE_DEBUG_INFO = INCLUDE_SOURCE;
				MTL_FAST_MATH = YES;
				ONLY_ACTIVE_ARCH = YES;
				SDKROOT = iphoneos;
				SWIFT_ACTIVE_COMPILATION_CONDITIONS = DEBUG;
				SWIFT_OPTIMIZATION_LEVEL = "-Onone";
			};
			name = Debug;
		};
		69521F1929F84C20006EE7F1 /* Release */ = {
			isa = XCBuildConfiguration;
			buildSettings = {
				ALWAYS_SEARCH_USER_PATHS = NO;
				CLANG_ANALYZER_NONNULL = YES;
				CLANG_ANALYZER_NUMBER_OBJECT_CONVERSION = YES_AGGRESSIVE;
				CLANG_CXX_LANGUAGE_STANDARD = "gnu++20";
				CLANG_ENABLE_MODULES = YES;
				CLANG_ENABLE_OBJC_ARC = YES;
				CLANG_ENABLE_OBJC_WEAK = YES;
				CLANG_WARN_BLOCK_CAPTURE_AUTORELEASING = YES;
				CLANG_WARN_BOOL_CONVERSION = YES;
				CLANG_WARN_COMMA = YES;
				CLANG_WARN_CONSTANT_CONVERSION = YES;
				CLANG_WARN_DEPRECATED_OBJC_IMPLEMENTATIONS = YES;
				CLANG_WARN_DIRECT_OBJC_ISA_USAGE = YES_ERROR;
				CLANG_WARN_DOCUMENTATION_COMMENTS = YES;
				CLANG_WARN_EMPTY_BODY = YES;
				CLANG_WARN_ENUM_CONVERSION = YES;
				CLANG_WARN_INFINITE_RECURSION = YES;
				CLANG_WARN_INT_CONVERSION = YES;
				CLANG_WARN_NON_LITERAL_NULL_CONVERSION = YES;
				CLANG_WARN_OBJC_IMPLICIT_RETAIN_SELF = YES;
				CLANG_WARN_OBJC_LITERAL_CONVERSION = YES;
				CLANG_WARN_OBJC_ROOT_CLASS = YES_ERROR;
				CLANG_WARN_QUOTED_INCLUDE_IN_FRAMEWORK_HEADER = YES;
				CLANG_WARN_RANGE_LOOP_ANALYSIS = YES;
				CLANG_WARN_STRICT_PROTOTYPES = YES;
				CLANG_WARN_SUSPICIOUS_MOVE = YES;
				CLANG_WARN_UNGUARDED_AVAILABILITY = YES_AGGRESSIVE;
				CLANG_WARN_UNREACHABLE_CODE = YES;
				CLANG_WARN__DUPLICATE_METHOD_MATCH = YES;
				COPY_PHASE_STRIP = NO;
				DEBUG_INFORMATION_FORMAT = "dwarf-with-dsym";
				ENABLE_NS_ASSERTIONS = NO;
				ENABLE_STRICT_OBJC_MSGSEND = YES;
				GCC_C_LANGUAGE_STANDARD = gnu11;
				GCC_NO_COMMON_BLOCKS = YES;
				GCC_WARN_64_TO_32_BIT_CONVERSION = YES;
				GCC_WARN_ABOUT_RETURN_TYPE = YES_ERROR;
				GCC_WARN_UNDECLARED_SELECTOR = YES;
				GCC_WARN_UNINITIALIZED_AUTOS = YES_AGGRESSIVE;
				GCC_WARN_UNUSED_FUNCTION = YES;
				GCC_WARN_UNUSED_VARIABLE = YES;
				IPHONEOS_DEPLOYMENT_TARGET = 16.4;
				MTL_ENABLE_DEBUG_INFO = NO;
				MTL_FAST_MATH = YES;
				SDKROOT = iphoneos;
				SWIFT_COMPILATION_MODE = wholemodule;
				SWIFT_OPTIMIZATION_LEVEL = "-O";
				VALIDATE_PRODUCT = YES;
			};
			name = Release;
		};
		69521F1B29F84C20006EE7F1 /* Debug */ = {
			isa = XCBuildConfiguration;
			buildSettings = {
				ASSETCATALOG_COMPILER_APPICON_NAME = AppIcon;
				ASSETCATALOG_COMPILER_GLOBAL_ACCENT_COLOR_NAME = AccentColor;
				CODE_SIGN_STYLE = Automatic;
				CURRENT_PROJECT_VERSION = 1;
				DEVELOPMENT_ASSET_PATHS = "\"Landmarks/Preview Content\"";
				DEVELOPMENT_TEAM = WC7799ZQK3;
				ENABLE_PREVIEWS = YES;
				GENERATE_INFOPLIST_FILE = YES;
				INFOPLIST_KEY_UIApplicationSceneManifest_Generation = YES;
				INFOPLIST_KEY_UIApplicationSupportsIndirectInputEvents = YES;
				INFOPLIST_KEY_UILaunchScreen_Generation = YES;
				INFOPLIST_KEY_UISupportedInterfaceOrientations_iPad = "UIInterfaceOrientationPortrait UIInterfaceOrientationPortraitUpsideDown UIInterfaceOrientationLandscapeLeft UIInterfaceOrientationLandscapeRight";
				INFOPLIST_KEY_UISupportedInterfaceOrientations_iPhone = "UIInterfaceOrientationPortrait UIInterfaceOrientationLandscapeLeft UIInterfaceOrientationLandscapeRight";
				LD_RUNPATH_SEARCH_PATHS = (
					"$(inherited)",
					"@executable_path/Frameworks",
				);
				MARKETING_VERSION = 1.0;
				PRODUCT_BUNDLE_IDENTIFIER = test.albertomorini.Landmarks;
				PRODUCT_NAME = "$(TARGET_NAME)";
				SWIFT_EMIT_LOC_STRINGS = YES;
				SWIFT_VERSION = 5.0;
				TARGETED_DEVICE_FAMILY = "1,2";
			};
			name = Debug;
		};
		69521F1C29F84C20006EE7F1 /* Release */ = {
			isa = XCBuildConfiguration;
			buildSettings = {
				ASSETCATALOG_COMPILER_APPICON_NAME = AppIcon;
				ASSETCATALOG_COMPILER_GLOBAL_ACCENT_COLOR_NAME = AccentColor;
				CODE_SIGN_STYLE = Automatic;
				CURRENT_PROJECT_VERSION = 1;
				DEVELOPMENT_ASSET_PATHS = "\"Landmarks/Preview Content\"";
				DEVELOPMENT_TEAM = WC7799ZQK3;
				ENABLE_PREVIEWS = YES;
				GENERATE_INFOPLIST_FILE = YES;
				INFOPLIST_KEY_UIApplicationSceneManifest_Generation = YES;
				INFOPLIST_KEY_UIApplicationSupportsIndirectInputEvents = YES;
				INFOPLIST_KEY_UILaunchScreen_Generation = YES;
				INFOPLIST_KEY_UISupportedInterfaceOrientations_iPad = "UIInterfaceOrientationPortrait UIInterfaceOrientationPortraitUpsideDown UIInterfaceOrientationLandscapeLeft UIInterfaceOrientationLandscapeRight";
				INFOPLIST_KEY_UISupportedInterfaceOrientations_iPhone = "UIInterfaceOrientationPortrait UIInterfaceOrientationLandscapeLeft UIInterfaceOrientationLandscapeRight";
				LD_RUNPATH_SEARCH_PATHS = (
					"$(inherited)",
					"@executable_path/Frameworks",
				);
				MARKETING_VERSION = 1.0;
				PRODUCT_BUNDLE_IDENTIFIER = test.albertomorini.Landmarks;
				PRODUCT_NAME = "$(TARGET_NAME)";
				SWIFT_EMIT_LOC_STRINGS = YES;
				SWIFT_VERSION = 5.0;
				TARGETED_DEVICE_FAMILY = "1,2";
			};
			name = Release;
		};
/* End XCBuildConfiguration section */

/* Begin XCConfigurationList section */
		69521F0729F84C1E006EE7F1 /* Build configuration list for PBXProject "Landmarks" */ = {
			isa = XCConfigurationList;
			buildConfigurations = (
				69521F1829F84C20006EE7F1 /* Debug */,
				69521F1929F84C20006EE7F1 /* Release */,
			);
			defaultConfigurationIsVisible = 0;
			defaultConfigurationName = Release;
		};
		69521F1A29F84C20006EE7F1 /* Build configuration list for PBXNativeTarget "Landmarks" */ = {
			isa = XCConfigurationList;
			buildConfigurations = (
				69521F1B29F84C20006EE7F1 /* Debug */,
				69521F1C29F84C20006EE7F1 /* Release */,
			);
			defaultConfigurationIsVisible = 0;
			defaultConfigurationName = Release;
		};
/* End XCConfigurationList section */
	};
	rootObject = 69521F0429F84C1E006EE7F1 /* Project object */;
}
